{
  "object": {
    "pins": [
      {
        "package": "Animo",
        "repositoryURL": "https://github.com/SakoHovaguimian/Animo.git",
        "state": {
          "branch": null,
          "revision": "7a07b35a8b72bbd51ffeb647b863c976f3304a91",
          "version": "1.0.40"
        }
      }
    ]
  },
  "version": 1
}
